// !$*UTF8*$!
{
	archiveVersion = 1;
	classes = {
	};
	objectVersion = 56;
	objects = {

/* Begin PBXBuildFile section */
		F1014FDF29DA4515002EC615 /* AppDelegate.swift in Sources */ = {isa = PBXBuildFile; fileRef = F1014FDE29DA4515002EC615 /* AppDelegate.swift */; };
		F1014FE129DA4515002EC615 /* SceneDelegate.swift in Sources */ = {isa = PBXBuildFile; fileRef = F1014FE029DA4515002EC615 /* SceneDelegate.swift */; };
		F1014FE629DA4515002EC615 /* Main.storyboard in Resources */ = {isa = PBXBuildFile; fileRef = F1014FE429DA4515002EC615 /* Main.storyboard */; };
		F1014FE829DA4519002EC615 /* Assets.xcassets in Resources */ = {isa = PBXBuildFile; fileRef = F1014FE729DA4519002EC615 /* Assets.xcassets */; };
		F1014FEB29DA4519002EC615 /* LaunchScreen.storyboard in Resources */ = {isa = PBXBuildFile; fileRef = F1014FE929DA4519002EC615 /* LaunchScreen.storyboard */; };
		F1014FF629DA4C6E002EC615 /* SettingViewController.swift in Sources */ = {isa = PBXBuildFile; fileRef = F1014FF529DA4C6E002EC615 /* SettingViewController.swift */; };
		F1014FF829DA4C7D002EC615 /* GameViewController.swift in Sources */ = {isa = PBXBuildFile; fileRef = F1014FF729DA4C7D002EC615 /* GameViewController.swift */; };
		F1014FFA29DA4D12002EC615 /* HighScoreViewController.swift in Sources */ = {isa = PBXBuildFile; fileRef = F1014FF929DA4D12002EC615 /* HighScoreViewController.swift */; };
		F17C2AFA29F1691A00849485 /* Bubble.swift in Sources */ = {isa = PBXBuildFile; fileRef = F17C2AF929F1691A00849485 /* Bubble.swift */; };
		F18544A629F1FC8F00543904 /* BubbleGenerator.swift in Sources */ = {isa = PBXBuildFile; fileRef = F18544A529F1FC8F00543904 /* BubbleGenerator.swift */; };
		F1BFEB7829F555A5009E1085 /* HighScoreData.swift in Sources */ = {isa = PBXBuildFile; fileRef = F1BFEB7729F555A5009E1085 /* HighScoreData.swift */; };
		F1CB00B529F423D8008179E5 /* HomePageViewController.swift in Sources */ = {isa = PBXBuildFile; fileRef = F1CB00B429F423D8008179E5 /* HomePageViewController.swift */; };
/* End PBXBuildFile section */

/* Begin PBXFileReference section */
		F1014FDB29DA4515002EC615 /* BubblePop.app */ = {isa = PBXFileReference; explicitFileType = wrapper.application; includeInIndex = 0; path = BubblePop.app; sourceTree = BUILT_PRODUCTS_DIR; };
		F1014FDE29DA4515002EC615 /* AppDelegate.swift */ = {isa = PBXFileReference; lastKnownFileType = sourcecode.swift; path = AppDelegate.swift; sourceTree = "<group>"; };
		F1014FE029DA4515002EC615 /* SceneDelegate.swift */ = {isa = PBXFileReference; lastKnownFileType = sourcecode.swift; path = SceneDelegate.swift; sourceTree = "<group>"; };
		F1014FE529DA4515002EC615 /* Base */ = {isa = PBXFileReference; lastKnownFileType = file.storyboard; name = Base; path = Base.lproj/Main.storyboard; sourceTree = "<group>"; };
		F1014FE729DA4519002EC615 /* Assets.xcassets */ = {isa = PBXFileReference; lastKnownFileType = folder.assetcatalog; path = Assets.xcassets; sourceTree = "<group>"; };
		F1014FEA29DA4519002EC615 /* Base */ = {isa = PBXFileReference; lastKnownFileType = file.storyboard; name = Base; path = Base.lproj/LaunchScreen.storyboard; sourceTree = "<group>"; };
		F1014FEC29DA4519002EC615 /* Info.plist */ = {isa = PBXFileReference; lastKnownFileType = text.plist.xml; path = Info.plist; sourceTree = "<group>"; };
		F1014FF529DA4C6E002EC615 /* SettingViewController.swift */ = {isa = PBXFileReference; lastKnownFileType = sourcecode.swift; path = SettingViewController.swift; sourceTree = "<group>"; };
		F1014FF729DA4C7D002EC615 /* GameViewController.swift */ = {isa = PBXFileReference; lastKnownFileType = sourcecode.swift; path = GameViewController.swift; sourceTree = "<group>"; };
		F1014FF929DA4D12002EC615 /* HighScoreViewController.swift */ = {isa = PBXFileReference; lastKnownFileType = sourcecode.swift; path = HighScoreViewController.swift; sourceTree = "<group>"; };
		F17C2AF929F1691A00849485 /* Bubble.swift */ = {isa = PBXFileReference; lastKnownFileType = sourcecode.swift; path = Bubble.swift; sourceTree = "<group>"; };
		F18544A529F1FC8F00543904 /* BubbleGenerator.swift */ = {isa = PBXFileReference; lastKnownFileType = sourcecode.swift; path = BubbleGenerator.swift; sourceTree = "<group>"; };
		F1BFEB7729F555A5009E1085 /* HighScoreData.swift */ = {isa = PBXFileReference; lastKnownFileType = sourcecode.swift; path = HighScoreData.swift; sourceTree = "<group>"; };
		F1CB00B429F423D8008179E5 /* HomePageViewController.swift */ = {isa = PBXFileReference; lastKnownFileType = sourcecode.swift; path = HomePageViewController.swift; sourceTree = "<group>"; };
/* End PBXFileReference section */

/* Begin PBXFrameworksBuildPhase section */
		F1014FD829DA4515002EC615 /* Frameworks */ = {
			isa = PBXFrameworksBuildPhase;
			buildActionMask = 2147483647;
			files = (
			);
			runOnlyForDeploymentPostprocessing = 0;
		};
/* End PBXFrameworksBuildPhase section */

/* Begin PBXGroup section */
		F1014FD229DA4515002EC615 = {
			isa = PBXGroup;
			children = (
				F1014FDD29DA4515002EC615 /* BubblePop */,
				F1014FDC29DA4515002EC615 /* Products */,
			);
			sourceTree = "<group>";
		};
		F1014FDC29DA4515002EC615 /* Products */ = {
			isa = PBXGroup;
			children = (
				F1014FDB29DA4515002EC615 /* BubblePop.app */,
			);
			name = Products;
			sourceTree = "<group>";
		};
		F1014FDD29DA4515002EC615 /* BubblePop */ = {
			isa = PBXGroup;
			children = (
				F1014FF429DA4BCC002EC615 /* Model */,
				F1014FF329DA4BB2002EC615 /* Controller */,
				F1014FF229DA4B99002EC615 /* View */,
				F1014FDE29DA4515002EC615 /* AppDelegate.swift */,
				F1014FE029DA4515002EC615 /* SceneDelegate.swift */,
				F1014FE729DA4519002EC615 /* Assets.xcassets */,
				F1014FE929DA4519002EC615 /* LaunchScreen.storyboard */,
				F1014FEC29DA4519002EC615 /* Info.plist */,
			);
			path = BubblePop;
			sourceTree = "<group>";
		};
		F1014FF229DA4B99002EC615 /* View */ = {
			isa = PBXGroup;
			children = (
				F1014FE429DA4515002EC615 /* Main.storyboard */,
			);
			path = View;
			sourceTree = "<group>";
		};
		F1014FF329DA4BB2002EC615 /* Controller */ = {
			isa = PBXGroup;
			children = (
				F1014FF529DA4C6E002EC615 /* SettingViewController.swift */,
				F1014FF729DA4C7D002EC615 /* GameViewController.swift */,
				F1014FF929DA4D12002EC615 /* HighScoreViewController.swift */,
				F1CB00B429F423D8008179E5 /* HomePageViewController.swift */,
			);
			path = Controller;
			sourceTree = "<group>";
		};
		F1014FF429DA4BCC002EC615 /* Model */ = {
			isa = PBXGroup;
			children = (
				F17C2AF929F1691A00849485 /* Bubble.swift */,
				F18544A529F1FC8F00543904 /* BubbleGenerator.swift */,
				F1BFEB7729F555A5009E1085 /* HighScoreData.swift */,
			);
			path = Model;
			sourceTree = "<group>";
		};
/* End PBXGroup section */

/* Begin PBXNativeTarget section */
		F1014FDA29DA4515002EC615 /* BubblePop */ = {
			isa = PBXNativeTarget;
			buildConfigurationList = F1014FEF29DA4519002EC615 /* Build configuration list for PBXNativeTarget "BubblePop" */;
			buildPhases = (
				F1014FD729DA4515002EC615 /* Sources */,
				F1014FD829DA4515002EC615 /* Frameworks */,
				F1014FD929DA4515002EC615 /* Resources */,
			);
			buildRules = (
			);
			dependencies = (
			);
			name = BubblePop;
			productName = BubblePop;
			productReference = F1014FDB29DA4515002EC615 /* BubblePop.app */;
			productType = "com.apple.product-type.application";
		};
/* End PBXNativeTarget section */

/* Begin PBXProject section */
		F1014FD329DA4515002EC615 /* Project object */ = {
			isa = PBXProject;
			attributes = {
				BuildIndependentTargetsInParallel = 1;
				LastSwiftUpdateCheck = 1420;
				LastUpgradeCheck = 1420;
				TargetAttributes = {
					F1014FDA29DA4515002EC615 = {
						CreatedOnToolsVersion = 14.2;
					};
				};
			};
			buildConfigurationList = F1014FD629DA4515002EC615 /* Build configuration list for PBXProject "BubblePop" */;
			compatibilityVersion = "Xcode 14.0";
			developmentRegion = en;
			hasScannedForEncodings = 0;
			knownRegions = (
				en,
				Base,
			);
			mainGroup = F1014FD229DA4515002EC615;
			productRefGroup = F1014FDC29DA4515002EC615 /* Products */;
			projectDirPath = "";
			projectRoot = "";
			targets = (
				F1014FDA29DA4515002EC615 /* BubblePop */,
			);
		};
/* End PBXProject section */

/* Begin PBXResourcesBuildPhase section */
		F1014FD929DA4515002EC615 /* Resources */ = {
			isa = PBXResourcesBuildPhase;
			buildActionMask = 2147483647;
			files = (
				F1014FEB29DA4519002EC615 /* LaunchScreen.storyboard in Resources */,
				F1014FE829DA4519002EC615 /* Assets.xcassets in Resources */,
				F1014FE629DA4515002EC615 /* Main.storyboard in Resources */,
			);
			runOnlyForDeploymentPostprocessing = 0;
		};
/* End PBXResourcesBuildPhase section */

/* Begin PBXSourcesBuildPhase section */
		F1014FD729DA4515002EC615 /* Sources */ = {
			isa = PBXSourcesBuildPhase;
			buildActionMask = 2147483647;
			files = (
				F1014FF829DA4C7D002EC615 /* GameViewController.swift in Sources */,
				F1014FDF29DA4515002EC615 /* AppDelegate.swift in Sources */,
				F18544A629F1FC8F00543904 /* BubbleGenerator.swift in Sources */,
				F1014FE129DA4515002EC615 /* SceneDelegate.swift in Sources */,
				F1CB00B529F423D8008179E5 /* HomePageViewController.swift in Sources */,
				F1BFEB7829F555A5009E1085 /* HighScoreData.swift in Sources */,
				F17C2AFA29F1691A00849485 /* Bubble.swift in Sources */,
				F1014FF629DA4C6E002EC615 /* SettingViewController.swift in Sources */,
				F1014FFA29DA4D12002EC615 /* HighScoreViewController.swift in Sources */,
			);
			runOnlyForDeploymentPostprocessing = 0;
		};
/* End PBXSourcesBuildPhase section */

/* Begin PBXVariantGroup section */
		F1014FE429DA4515002EC615 /* Main.storyboard */ = {
			isa = PBXVariantGroup;
			children = (
				F1014FE529DA4515002EC615 /* Base */,
			);
			name = Main.storyboard;
			sourceTree = "<group>";
		};
		F1014FE929DA4519002EC615 /* LaunchScreen.storyboard */ = {
			isa = PBXVariantGroup;
			children = (
				F1014FEA29DA4519002EC615 /* Base */,
			);
			name = LaunchScreen.storyboard;
			sourceTree = "<group>";
		};
/* End PBXVariantGroup section */

/* Begin XCBuildConfiguration section */
		F1014FED29DA4519002EC615 /* Debug */ = {
			isa = XCBuildConfiguration;
			buildSettings = {
				ALWAYS_SEARCH_USER_PATHS = NO;
				CLANG_ANALYZER_NONNULL = YES;
				CLANG_ANALYZER_NUMBER_OBJECT_CONVERSION = YES_AGGRESSIVE;
				CLANG_CXX_LANGUAGE_STANDARD = "gnu++20";
				CLANG_ENABLE_MODULES = YES;
				CLANG_ENABLE_OBJC_ARC = YES;
				CLANG_ENABLE_OBJC_WEAK = YES;
				CLANG_WARN_BLOCK_CAPTURE_AUTORELEASING = YES;
				CLANG_WARN_BOOL_CONVERSION = YES;
				CLANG_WARN_COMMA = YES;
				CLANG_WARN_CONSTANT_CONVERSION = YES;
				CLANG_WARN_DEPRECATED_OBJC_IMPLEMENTATIONS = YES;
				CLANG_WARN_DIRECT_OBJC_ISA_USAGE = YES_ERROR;
				CLANG_WARN_DOCUMENTATION_COMMENTS = YES;
				CLANG_WARN_EMPTY_BODY = YES;
				CLANG_WARN_ENUM_CONVERSION = YES;
				CLANG_WARN_INFINITE_RECURSION = YES;
				CLANG_WARN_INT_CONVERSION = YES;
				CLANG_WARN_NON_LITERAL_NULL_CONVERSION = YES;
				CLANG_WARN_OBJC_IMPLICIT_RETAIN_SELF = YES;
				CLANG_WARN_OBJC_LITERAL_CONVERSION = YES;
				CLANG_WARN_OBJC_ROOT_CLASS = YES_ERROR;
				CLANG_WARN_QUOTED_INCLUDE_IN_FRAMEWORK_HEADER = YES;
				CLANG_WARN_RANGE_LOOP_ANALYSIS = YES;
				CLANG_WARN_STRICT_PROTOTYPES = YES;
				CLANG_WARN_SUSPICIOUS_MOVE = YES;
				CLANG_WARN_UNGUARDED_AVAILABILITY = YES_AGGRESSIVE;
				CLANG_WARN_UNREACHABLE_CODE = YES;
				CLANG_WARN__DUPLICATE_METHOD_MATCH = YES;
				COPY_PHASE_STRIP = NO;
				DEBUG_INFORMATION_FORMAT = dwarf;
				ENABLE_STRICT_OBJC_MSGSEND = YES;
				ENABLE_TESTABILITY = YES;
				GCC_C_LANGUAGE_STANDARD = gnu11;
				GCC_DYNAMIC_NO_PIC = NO;
				GCC_NO_COMMON_BLOCKS = YES;
				GCC_OPTIMIZATION_LEVEL = 0;
				GCC_PREPROCESSOR_DEFINITIONS = (
					"DEBUG=1",
					"$(inherited)",
				);
				GCC_WARN_64_TO_32_BIT_CONVERSION = YES;
				GCC_WARN_ABOUT_RETURN_TYPE = YES_ERROR;
				GCC_WARN_UNDECLARED_SELECTOR = YES;
				GCC_WARN_UNINITIALIZED_AUTOS = YES_AGGRESSIVE;
				GCC_WARN_UNUSED_FUNCTION = YES;
				GCC_WARN_UNUSED_VARIABLE = YES;
				IPHONEOS_DEPLOYMENT_TARGET = 16.2;
				MTL_ENABLE_DEBUG_INFO = INCLUDE_SOURCE;
				MTL_FAST_MATH = YES;
				ONLY_ACTIVE_ARCH = YES;
				SDKROOT = iphoneos;
				SWIFT_ACTIVE_COMPILATION_CONDITIONS = DEBUG;
				SWIFT_OPTIMIZATION_LEVEL = "-Onone";
			};
			name = Debug;
		};
		F1014FEE29DA4519002EC615 /* Release */ = {
			isa = XCBuildConfiguration;
			buildSettings = {
				ALWAYS_SEARCH_USER_PATHS = NO;
				CLANG_ANALYZER_NONNULL = YES;
				CLANG_ANALYZER_NUMBER_OBJECT_CONVERSION = YES_AGGRESSIVE;
				CLANG_CXX_LANGUAGE_STANDARD = "gnu++20";
				CLANG_ENABLE_MODULES = YES;
				CLANG_ENABLE_OBJC_ARC = YES;
				CLANG_ENABLE_OBJC_WEAK = YES;
				CLANG_WARN_BLOCK_CAPTURE_AUTORELEASING = YES;
				CLANG_WARN_BOOL_CONVERSION = YES;
				CLANG_WARN_COMMA = YES;
				CLANG_WARN_CONSTANT_CONVERSION = YES;
				CLANG_WARN_DEPRECATED_OBJC_IMPLEMENTATIONS = YES;
				CLANG_WARN_DIRECT_OBJC_ISA_USAGE = YES_ERROR;
				CLANG_WARN_DOCUMENTATION_COMMENTS = YES;
				CLANG_WARN_EMPTY_BODY = YES;
				CLANG_WARN_ENUM_CONVERSION = YES;
				CLANG_WARN_INFINITE_RECURSION = YES;
				CLANG_WARN_INT_CONVERSION = YES;
				CLANG_WARN_NON_LITERAL_NULL_CONVERSION = YES;
				CLANG_WARN_OBJC_IMPLICIT_RETAIN_SELF = YES;
				CLANG_WARN_OBJC_LITERAL_CONVERSION = YES;
				CLANG_WARN_OBJC_ROOT_CLASS = YES_ERROR;
				CLANG_WARN_QUOTED_INCLUDE_IN_FRAMEWORK_HEADER = YES;
				CLANG_WARN_RANGE_LOOP_ANALYSIS = YES;
				CLANG_WARN_STRICT_PROTOTYPES = YES;
				CLANG_WARN_SUSPICIOUS_MOVE = YES;
				CLANG_WARN_UNGUARDED_AVAILABILITY = YES_AGGRESSIVE;
				CLANG_WARN_UNREACHABLE_CODE = YES;
				CLANG_WARN__DUPLICATE_METHOD_MATCH = YES;
				COPY_PHASE_STRIP = NO;
				DEBUG_INFORMATION_FORMAT = "dwarf-with-dsym";
				ENABLE_NS_ASSERTIONS = NO;
				ENABLE_STRICT_OBJC_MSGSEND = YES;
				GCC_C_LANGUAGE_STANDARD = gnu11;
				GCC_NO_COMMON_BLOCKS = YES;
				GCC_WARN_64_TO_32_BIT_CONVERSION = YES;
				GCC_WARN_ABOUT_RETURN_TYPE = YES_ERROR;
				GCC_WARN_UNDECLARED_SELECTOR = YES;
				GCC_WARN_UNINITIALIZED_AUTOS = YES_AGGRESSIVE;
				GCC_WARN_UNUSED_FUNCTION = YES;
				GCC_WARN_UNUSED_VARIABLE = YES;
				IPHONEOS_DEPLOYMENT_TARGET = 16.2;
				MTL_ENABLE_DEBUG_INFO = NO;
				MTL_FAST_MATH = YES;
				SDKROOT = iphoneos;
				SWIFT_COMPILATION_MODE = wholemodule;
				SWIFT_OPTIMIZATION_LEVEL = "-O";
				VALIDATE_PRODUCT = YES;
			};
			name = Release;
		};
		F1014FF029DA4519002EC615 /* Debug */ = {
			isa = XCBuildConfiguration;
			buildSettings = {
				ASSETCATALOG_COMPILER_APPICON_NAME = AppIcon;
				ASSETCATALOG_COMPILER_GLOBAL_ACCENT_COLOR_NAME = AccentColor;
				CODE_SIGN_STYLE = Automatic;
				CURRENT_PROJECT_VERSION = 1;
				GENERATE_INFOPLIST_FILE = YES;
				INFOPLIST_FILE = BubblePop/Info.plist;
				INFOPLIST_KEY_UIApplicationSupportsIndirectInputEvents = YES;
				INFOPLIST_KEY_UILaunchStoryboardName = LaunchScreen;
				INFOPLIST_KEY_UIMainStoryboardFile = Main;
				INFOPLIST_KEY_UISupportedInterfaceOrientations_iPad = "UIInterfaceOrientationPortrait UIInterfaceOrientationPortraitUpsideDown UIInterfaceOrientationLandscapeLeft UIInterfaceOrientationLandscapeRight";
				INFOPLIST_KEY_UISupportedInterfaceOrientations_iPhone = "UIInterfaceOrientationPortrait UIInterfaceOrientationLandscapeLeft UIInterfaceOrientationLandscapeRight";
				LD_RUNPATH_SEARCH_PATHS = (
					"$(inherited)",
					"@executable_path/Frameworks",
				);
				MARKETING_VERSION = 1.0;
				PRODUCT_BUNDLE_IDENTIFIER = au.edu.uts.BubblePop;
				PRODUCT_NAME = "$(TARGET_NAME)";
				SWIFT_EMIT_LOC_STRINGS = YES;
				SWIFT_VERSION = 5.0;
				TARGETED_DEVICE_FAMILY = "1,2";
			};
			name = Debug;
		};
		F1014FF129DA4519002EC615 /* Release */ = {
			isa = XCBuildConfiguration;
			buildSettings = {
				ASSETCATALOG_COMPILER_APPICON_NAME = AppIcon;
				ASSETCATALOG_COMPILER_GLOBAL_ACCENT_COLOR_NAME = AccentColor;
				CODE_SIGN_STYLE = Automatic;
				CURRENT_PROJECT_VERSION = 1;
				GENERATE_INFOPLIST_FILE = YES;
				INFOPLIST_FILE = BubblePop/Info.plist;
				INFOPLIST_KEY_UIApplicationSupportsIndirectInputEvents = YES;
				INFOPLIST_KEY_UILaunchStoryboardName = LaunchScreen;
				INFOPLIST_KEY_UIMainStoryboardFile = Main;
				INFOPLIST_KEY_UISupportedInterfaceOrientations_iPad = "UIInterfaceOrientationPortrait UIInterfaceOrientationPortraitUpsideDown UIInterfaceOrientationLandscapeLeft UIInterfaceOrientationLandscapeRight";
				INFOPLIST_KEY_UISupportedInterfaceOrientations_iPhone = "UIInterfaceOrientationPortrait UIInterfaceOrientationLandscapeLeft UIInterfaceOrientationLandscapeRight";
				LD_RUNPATH_SEARCH_PATHS = (
					"$(inherited)",
					"@executable_path/Frameworks",
				);
				MARKETING_VERSION = 1.0;
				PRODUCT_BUNDLE_IDENTIFIER = au.edu.uts.BubblePop;
				PRODUCT_NAME = "$(TARGET_NAME)";
				SWIFT_EMIT_LOC_STRINGS = YES;
				SWIFT_VERSION = 5.0;
				TARGETED_DEVICE_FAMILY = "1,2";
			};
			name = Release;
		};
/* End XCBuildConfiguration section */

/* Begin XCConfigurationList section */
		F1014FD629DA4515002EC615 /* Build configuration list for PBXProject "BubblePop" */ = {
			isa = XCConfigurationList;
			buildConfigurations = (
				F1014FED29DA4519002EC615 /* Debug */,
				F1014FEE29DA4519002EC615 /* Release */,
			);
			defaultConfigurationIsVisible = 0;
			defaultConfigurationName = Release;
		};
		F1014FEF29DA4519002EC615 /* Build configuration list for PBXNativeTarget "BubblePop" */ = {
			isa = XCConfigurationList;
			buildConfigurations = (
				F1014FF029DA4519002EC615 /* Debug */,
				F1014FF129DA4519002EC615 /* Release */,
			);
			defaultConfigurationIsVisible = 0;
			defaultConfigurationName = Release;
		};
/* End XCConfigurationList section */
	};
	rootObject = F1014FD329DA4515002EC615 /* Project object */;
}
